
Microsoft Visual Studio Solution File, Format Version 12.00
# Visual Studio 15
VisualStudioVersion = 15.0.27703.2018
MinimumVisualStudioVersion = 10.0.40219.1
Project("{FAE04EC0-301F-11D3-BF4B-00C04F79EFBC}") = "WebAPI", "WebAPI\WebAPI.csproj", "{6F7CFBD2-5DC8-49A6-8014-D803D2267CAD}"
EndProject
Global
	GlobalSection(SolutionConfigurationPlatforms) = preSolution
		Debug|Any CPU = Debug|Any CPU
		Release|Any CPU = Release|Any CPU
	EndGlobalSection
	GlobalSection(ProjectConfigurationPlatforms) = postSolution
		{6F7CFBD2-5DC8-49A6-8014-D803D2267CAD}.Debug|Any CPU.ActiveCfg = Debug|Any CPU
		{6F7CFBD2-5DC8-49A6-8014-D803D2267CAD}.Debug|Any CPU.Build.0 = Debug|Any CPU
		{6F7CFBD2-5DC8-49A6-8014-D803D2267CAD}.Release|Any CPU.ActiveCfg = Release|Any CPU
		{6F7CFBD2-5DC8-49A6-8014-D803D2267CAD}.Release|Any CPU.Build.0 = Release|Any CPU
	EndGlobalSection
	GlobalSection(SolutionProperties) = preSolution
		HideSolutionNode = FALSE
	EndGlobalSection
	GlobalSection(ExtensibilityGlobals) = postSolution
		SolutionGuid = {6B001583-0FCE-4743-9521-BCEE6EA8686D}
	EndGlobalSection
EndGlobal
